<?xml version="1.0" encoding="utf-8"?>
<Project ToolsVersion="4.0" xmlns="http://schemas.microsoft.com/developer/msbuild/2003">
  <ItemGroup>
    <Filter Include="include">
      <UniqueIdentifier>{fb6d35b2-6dde-4850-be82-159a521014f6}</UniqueIdentifier>
    </Filter>
    <Filter Include="src">
      <UniqueIdentifier>{7259c5f1-c486-49b4-ac3d-032c6ca90cfc}</UniqueIdentifier>
    </Filter>
    <Filter Include="include\editor">
      <UniqueIdentifier>{354a7acf-a2b9-485e-aa9a-63218506cdc7}</UniqueIdentifier>
    </Filter>
    <Filter Include="src\editor">
      <UniqueIdentifier>{69b37a3b-3a5c-4e58-9a9a-fc181b102f7f}</UniqueIdentifier>
    </Filter>
    <Filter Include="include\editor\detail">
      <UniqueIdentifier>{51ab9a62-8652-4cbe-bce2-7627ef46a708}</UniqueIdentifier>
    </Filter>
    <Filter Include="src\editor\detail">
      <UniqueIdentifier>{5ee0eb41-3878-400f-bd24-d0f657abfe4a}</UniqueIdentifier>
    </Filter>
    <Filter Include="include\editor\widgets">
      <UniqueIdentifier>{adf2f6de-f973-4ef7-b000-a3074a9ce7df}</UniqueIdentifier>
    </Filter>
    <Filter Include="src\editor\widgets">
      <UniqueIdentifier>{98f1b8b6-3665-41e4-a83e-a313f7e92e68}</UniqueIdentifier>
    </Filter>
  </ItemGroup>
  <ItemGroup>
    <ClCompile Include="main.cc" />
    <ClCompile Include="src\editor\RoomEditor.cc">
      <Filter>src\editor</Filter>
    </ClCompile>
    <ClCompile Include="src\editor\ObjectRegistry.cc">
      <Filter>src\editor</Filter>
    </ClCompile>
    <ClCompile Include="src\editor\detail\ObjectList.cc">
      <Filter>src\editor\detail</Filter>
    </ClCompile>
    <ClCompile Include="src\editor\widgets\RoomEditorBackgroundsWidget.cc">
      <Filter>src\editor\widgets</Filter>
    </ClCompile>
    <ClCompile Include="src\editor\widgets\RoomEditorStatusStripWidget.cc">
      <Filter>src\editor\widgets</Filter>
    </ClCompile>
    <ClCompile Include="src\editor\widgets\RoomEditorTilesetsWidget.cc">
      <Filter>src\editor\widgets</Filter>
    </ClCompile>
    <ClCompile Include="src\editor\widgets\RoomEditorViewsWidget.cc">
      <Filter>src\editor\widgets</Filter>
    </ClCompile>
  </ItemGroup>
  <ItemGroup>
    <None Include="packages.config" />
  </ItemGroup>
  <ItemGroup>
    <ClInclude Include="include\editor\ObjectRegistry.h">
      <Filter>include\editor</Filter>
    </ClInclude>
    <ClInclude Include="include\editor\RoomEditor.h">
      <Filter>include\editor</Filter>
    </ClInclude>
    <ClInclude Include="include\editor\RoomEditorXmlResourceAdapter.h">
      <Filter>include\editor</Filter>
    </ClInclude>
    <ClInclude Include="include\editor\detail\ObjectList.h">
      <Filter>include\editor\detail</Filter>
    </ClInclude>
    <ClInclude Include="include\editor\widgets\RoomEditorBackgroundsWidget.h">
      <Filter>include\editor\widgets</Filter>
    </ClInclude>
    <ClInclude Include="include\editor\widgets\RoomEditorStatusStripWidget.h">
      <Filter>include\editor\widgets</Filter>
    </ClInclude>
    <ClInclude Include="include\editor\widgets\RoomEditorTilesetsWidget.h">
      <Filter>include\editor\widgets</Filter>
    </ClInclude>
    <ClInclude Include="include\editor\widgets\RoomEditorViewsWidget.h">
      <Filter>include\editor\widgets</Filter>
    </ClInclude>
  </ItemGroup>
</Project>